
Microsoft Visual Studio Solution File, Format Version 12.00
# Visual Studio Version 17
VisualStudioVersion = 17.0.31903.59
MinimumVisualStudioVersion = 10.0.40219.1
Project("{9A19103F-16F7-4668-BE54-9A1E7A4F7556}") = "Blog.Core.Model", "Blog.Core.Model\Blog.Core.Model.csproj", "{BCDF1760-1133-4328-80CB-B438C08247DA}"
EndProject
Project("{9A19103F-16F7-4668-BE54-9A1E7A4F7556}") = "Blog.Core", "Blog.Core\Blog.Core.csproj", "{52666462-0422-4B11-BD2C-F57DBF180833}"
EndProject
Project("{FAE04EC0-301F-11D3-BF4B-00C04F79EFBC}") = "Blog.Core.Token", "Blog.Core.Token\Blog.Core.Token.csproj", "{D9B74FBD-4F38-4F28-8C6E-F8038C2D9C99}"
EndProject
Global
	GlobalSection(SolutionConfigurationPlatforms) = preSolution
		Debug|Any CPU = Debug|Any CPU
		Release|Any CPU = Release|Any CPU
	EndGlobalSection
	GlobalSection(ProjectConfigurationPlatforms) = postSolution
		{BCDF1760-1133-4328-80CB-B438C08247DA}.Debug|Any CPU.ActiveCfg = Debug|Any CPU
		{BCDF1760-1133-4328-80CB-B438C08247DA}.Debug|Any CPU.Build.0 = Debug|Any CPU
		{BCDF1760-1133-4328-80CB-B438C08247DA}.Release|Any CPU.ActiveCfg = Release|Any CPU
		{BCDF1760-1133-4328-80CB-B438C08247DA}.Release|Any CPU.Build.0 = Release|Any CPU
		{52666462-0422-4B11-BD2C-F57DBF180833}.Debug|Any CPU.ActiveCfg = Debug|Any CPU
		{52666462-0422-4B11-BD2C-F57DBF180833}.Debug|Any CPU.Build.0 = Debug|Any CPU
		{52666462-0422-4B11-BD2C-F57DBF180833}.Release|Any CPU.ActiveCfg = Release|Any CPU
		{52666462-0422-4B11-BD2C-F57DBF180833}.Release|Any CPU.Build.0 = Release|Any CPU
		{D9B74FBD-4F38-4F28-8C6E-F8038C2D9C99}.Debug|Any CPU.ActiveCfg = Debug|Any CPU
		{D9B74FBD-4F38-4F28-8C6E-F8038C2D9C99}.Debug|Any CPU.Build.0 = Debug|Any CPU
		{D9B74FBD-4F38-4F28-8C6E-F8038C2D9C99}.Release|Any CPU.ActiveCfg = Release|Any CPU
		{D9B74FBD-4F38-4F28-8C6E-F8038C2D9C99}.Release|Any CPU.Build.0 = Release|Any CPU
	EndGlobalSection
	GlobalSection(SolutionProperties) = preSolution
		HideSolutionNode = FALSE
	EndGlobalSection
	GlobalSection(ExtensibilityGlobals) = postSolution
		SolutionGuid = {80FF45A6-7B00-407D-A37A-EBC4DF032BA6}
	EndGlobalSection
EndGlobal
